// !$*UTF8*$!
{
	archiveVersion = 1;
	classes = {
	};
	objectVersion = 51;
	objects = {

/* Begin PBXBuildFile section */
		098D1D6325CF944500481156 /* UIViewController+Extension.swift in Sources */ = {isa = PBXBuildFile; fileRef = 098D1D6225CF944500481156 /* UIViewController+Extension.swift */; };
		098D1D6725CFE50600481156 /* UIImage+Extension.swift in Sources */ = {isa = PBXBuildFile; fileRef = 098D1D6625CFE50600481156 /* UIImage+Extension.swift */; };
		3A145F9E90334677229121B3 /* Pods_Tabigram.framework in Frameworks */ = {isa = PBXBuildFile; fileRef = 46A9E62363CE7C3ABCBB8F7B /* Pods_Tabigram.framework */; };
		EF3F08A725CCDAA300FDF566 /* back@2x.png in Resources */ = {isa = PBXBuildFile; fileRef = EF3F08A625CCDAA300FDF566 /* back@2x.png */; };
		EF3F08D225CD425400FDF566 /* FollowViewController.swift in Sources */ = {isa = PBXBuildFile; fileRef = EF3F08D125CD425400FDF566 /* FollowViewController.swift */; };
		EF3F08D625CD433800FDF566 /* FollowCustomTableViewCell.swift in Sources */ = {isa = PBXBuildFile; fileRef = EF3F08D425CD433800FDF566 /* FollowCustomTableViewCell.swift */; };
		EF3F08D725CD433800FDF566 /* FollowCustomTableViewCell.xib in Resources */ = {isa = PBXBuildFile; fileRef = EF3F08D525CD433800FDF566 /* FollowCustomTableViewCell.xib */; };
		EF80757925CBBFCA00BDA7E9 /* AppDelegate.swift in Sources */ = {isa = PBXBuildFile; fileRef = EF80757825CBBFCA00BDA7E9 /* AppDelegate.swift */; };
		EF80757D25CBBFCA00BDA7E9 /* ViewController.swift in Sources */ = {isa = PBXBuildFile; fileRef = EF80757C25CBBFCA00BDA7E9 /* ViewController.swift */; };
		EF80758025CBBFCA00BDA7E9 /* Main.storyboard in Resources */ = {isa = PBXBuildFile; fileRef = EF80757E25CBBFCA00BDA7E9 /* Main.storyboard */; };
		EF80758225CBBFCD00BDA7E9 /* Assets.xcassets in Resources */ = {isa = PBXBuildFile; fileRef = EF80758125CBBFCD00BDA7E9 /* Assets.xcassets */; };
		EF80758525CBBFCD00BDA7E9 /* LaunchScreen.storyboard in Resources */ = {isa = PBXBuildFile; fileRef = EF80758325CBBFCD00BDA7E9 /* LaunchScreen.storyboard */; };
		EF8075B125CBC06B00BDA7E9 /* search@2x.png in Resources */ = {isa = PBXBuildFile; fileRef = EF80758F25CBC06B00BDA7E9 /* search@2x.png */; };
		EF8075B225CBC06B00BDA7E9 /* editProfileImage@2x.png in Resources */ = {isa = PBXBuildFile; fileRef = EF80759025CBC06B00BDA7E9 /* editProfileImage@2x.png */; };
		EF8075B325CBC06B00BDA7E9 /* profile@2x.png in Resources */ = {isa = PBXBuildFile; fileRef = EF80759125CBC06B00BDA7E9 /* profile@2x.png */; };
		EF8075B425CBC06B00BDA7E9 /* tabigram001.jpeg in Resources */ = {isa = PBXBuildFile; fileRef = EF80759325CBC06B00BDA7E9 /* tabigram001.jpeg */; };
		EF8075B525CBC06B00BDA7E9 /* save@2x.png in Resources */ = {isa = PBXBuildFile; fileRef = EF80759425CBC06B00BDA7E9 /* save@2x.png */; };
		EF8075B625CBC06B00BDA7E9 /* profile_placeholder.jpeg in Resources */ = {isa = PBXBuildFile; fileRef = EF80759525CBC06B00BDA7E9 /* profile_placeholder.jpeg */; };
		EF8075B825CBC06B00BDA7E9 /* sarial.ttf in Resources */ = {isa = PBXBuildFile; fileRef = EF80759825CBC06B00BDA7E9 /* sarial.ttf */; };
		EF8075B925CBC06B00BDA7E9 /* Billabong.ttf in Resources */ = {isa = PBXBuildFile; fileRef = EF80759925CBC06B00BDA7E9 /* Billabong.ttf */; };
		EF8075BA25CBC06B00BDA7E9 /* Atletico-RegularDemo.otf in Resources */ = {isa = PBXBuildFile; fileRef = EF80759A25CBC06B00BDA7E9 /* Atletico-RegularDemo.otf */; };
		EF8075BB25CBC06B00BDA7E9 /* iTunesArtwork@1x.png in Resources */ = {isa = PBXBuildFile; fileRef = EF80759C25CBC06B00BDA7E9 /* iTunesArtwork@1x.png */; };
		EF8075BC25CBC06B00BDA7E9 /* Icon-App-76x76@2x.png in Resources */ = {isa = PBXBuildFile; fileRef = EF80759E25CBC06B00BDA7E9 /* Icon-App-76x76@2x.png */; };
		EF8075BD25CBC06B00BDA7E9 /* Icon-App-29x29@1x.png in Resources */ = {isa = PBXBuildFile; fileRef = EF80759F25CBC06B00BDA7E9 /* Icon-App-29x29@1x.png */; };
		EF8075BE25CBC06B00BDA7E9 /* Icon-App-40x40@1x.png in Resources */ = {isa = PBXBuildFile; fileRef = EF8075A025CBC06B00BDA7E9 /* Icon-App-40x40@1x.png */; };
		EF8075BF25CBC06B00BDA7E9 /* Icon-App-20x20@1x.png in Resources */ = {isa = PBXBuildFile; fileRef = EF8075A125CBC06B00BDA7E9 /* Icon-App-20x20@1x.png */; };
		EF8075C025CBC06B00BDA7E9 /* Icon-App-83.5x83.5@2x.png in Resources */ = {isa = PBXBuildFile; fileRef = EF8075A225CBC06B00BDA7E9 /* Icon-App-83.5x83.5@2x.png */; };
		EF8075C125CBC06B00BDA7E9 /* Icon-App-20x20@3x.png in Resources */ = {isa = PBXBuildFile; fileRef = EF8075A325CBC06B00BDA7E9 /* Icon-App-20x20@3x.png */; };
		EF8075C225CBC06B00BDA7E9 /* ItunesArtwork@2x.png in Resources */ = {isa = PBXBuildFile; fileRef = EF8075A425CBC06B00BDA7E9 /* ItunesArtwork@2x.png */; };
		EF8075C425CBC06B00BDA7E9 /* Icon-App-20x20@2x.png in Resources */ = {isa = PBXBuildFile; fileRef = EF8075A625CBC06B00BDA7E9 /* Icon-App-20x20@2x.png */; };
		EF8075C525CBC06B00BDA7E9 /* Icon-App-29x29@3x.png in Resources */ = {isa = PBXBuildFile; fileRef = EF8075A725CBC06B00BDA7E9 /* Icon-App-29x29@3x.png */; };
		EF8075C625CBC06B00BDA7E9 /* Icon-App-40x40@2x.png in Resources */ = {isa = PBXBuildFile; fileRef = EF8075A825CBC06B00BDA7E9 /* Icon-App-40x40@2x.png */; };
		EF8075C725CBC06B00BDA7E9 /* Icon-App-60x60@3x.png in Resources */ = {isa = PBXBuildFile; fileRef = EF8075A925CBC06B00BDA7E9 /* Icon-App-60x60@3x.png */; };
		EF8075C825CBC06B00BDA7E9 /* Icon-App-60x60@2x.png in Resources */ = {isa = PBXBuildFile; fileRef = EF8075AA25CBC06B00BDA7E9 /* Icon-App-60x60@2x.png */; };
		EF8075C925CBC06B00BDA7E9 /* Icon-App-76x76@1x.png in Resources */ = {isa = PBXBuildFile; fileRef = EF8075AB25CBC06B00BDA7E9 /* Icon-App-76x76@1x.png */; };
		EF8075CA25CBC06B00BDA7E9 /* Icon-App-40x40@3x.png in Resources */ = {isa = PBXBuildFile; fileRef = EF8075AC25CBC06B00BDA7E9 /* Icon-App-40x40@3x.png */; };
		EF8075CB25CBC06B00BDA7E9 /* Icon-App-29x29@2x.png in Resources */ = {isa = PBXBuildFile; fileRef = EF8075AD25CBC06B00BDA7E9 /* Icon-App-29x29@2x.png */; };
		EF8075CC25CBC06B00BDA7E9 /* iTunesArtwork@2x.jpg in Resources */ = {isa = PBXBuildFile; fileRef = EF8075AE25CBC06B00BDA7E9 /* iTunesArtwork@2x.jpg */; };
		EF8075CD25CBC06B00BDA7E9 /* iTunesArtwork@3x.png in Resources */ = {isa = PBXBuildFile; fileRef = EF8075AF25CBC06B00BDA7E9 /* iTunesArtwork@3x.png */; };
		EF8075CE25CBC06B00BDA7E9 /* worldMap.jpg in Resources */ = {isa = PBXBuildFile; fileRef = EF8075B025CBC06B00BDA7E9 /* worldMap.jpg */; };
		EF8075D825CBC0C000BDA7E9 /* SignInViewController.swift in Sources */ = {isa = PBXBuildFile; fileRef = EF8075D725CBC0C000BDA7E9 /* SignInViewController.swift */; };
		EF8075DB25CBC10700BDA7E9 /* SignUpViewController.swift in Sources */ = {isa = PBXBuildFile; fileRef = EF8075DA25CBC10700BDA7E9 /* SignUpViewController.swift */; };
		EF8075DE25CBC1A100BDA7E9 /* certificateViewController1.swift in Sources */ = {isa = PBXBuildFile; fileRef = EF8075DD25CBC1A100BDA7E9 /* certificateViewController1.swift */; };
		EF8075E125CBC1C900BDA7E9 /* certificateViewController2.swift in Sources */ = {isa = PBXBuildFile; fileRef = EF8075E025CBC1C900BDA7E9 /* certificateViewController2.swift */; };
		EF8075E425CBC22500BDA7E9 /* SignIn.storyboard in Resources */ = {isa = PBXBuildFile; fileRef = EF8075E325CBC22500BDA7E9 /* SignIn.storyboard */; };
		EF8075EA25CBC27900BDA7E9 /* PlaceHolderTextView.swift in Sources */ = {isa = PBXBuildFile; fileRef = EF8075E925CBC27900BDA7E9 /* PlaceHolderTextView.swift */; };
		EF8075EE25CBC2AC00BDA7E9 /* CustomButton.swift in Sources */ = {isa = PBXBuildFile; fileRef = EF8075ED25CBC2AC00BDA7E9 /* CustomButton.swift */; };
		EF8075F125CBC2CE00BDA7E9 /* UIColor+Extention.swift in Sources */ = {isa = PBXBuildFile; fileRef = EF8075F025CBC2CE00BDA7E9 /* UIColor+Extention.swift */; };
		EF8075F425CBC30700BDA7E9 /* Pin.swift in Sources */ = {isa = PBXBuildFile; fileRef = EF8075F325CBC30700BDA7E9 /* Pin.swift */; };
		EF8075F725CBC31F00BDA7E9 /* User.swift in Sources */ = {isa = PBXBuildFile; fileRef = EF8075F625CBC31F00BDA7E9 /* User.swift */; };
		EF8075FA25CBC35A00BDA7E9 /* FrontViewController.swift in Sources */ = {isa = PBXBuildFile; fileRef = EF8075F925CBC35A00BDA7E9 /* FrontViewController.swift */; };
		EF8075FD25CBC3A800BDA7E9 /* ProfileViewController.swift in Sources */ = {isa = PBXBuildFile; fileRef = EF8075FC25CBC3A800BDA7E9 /* ProfileViewController.swift */; };
		EF80760125CBC3C600BDA7E9 /* EditProfileViewController.swift in Sources */ = {isa = PBXBuildFile; fileRef = EF80760025CBC3C600BDA7E9 /* EditProfileViewController.swift */; };
		EF80762725CBCD9C00BDA7E9 /* GoogleService-Info.plist in Resources */ = {isa = PBXBuildFile; fileRef = EF80762625CBCD9C00BDA7E9 /* GoogleService-Info.plist */; };
		EFB26D2425CD885B00607DD0 /* marker_icon_mikan.png in Resources */ = {isa = PBXBuildFile; fileRef = EFB26D2325CD885B00607DD0 /* marker_icon_mikan.png */; };
/* End PBXBuildFile section */

/* Begin PBXFileReference section */
		098D1D6225CF944500481156 /* UIViewController+Extension.swift */ = {isa = PBXFileReference; lastKnownFileType = sourcecode.swift; path = "UIViewController+Extension.swift"; sourceTree = "<group>"; };
		098D1D6625CFE50600481156 /* UIImage+Extension.swift */ = {isa = PBXFileReference; lastKnownFileType = sourcecode.swift; path = "UIImage+Extension.swift"; sourceTree = "<group>"; };
		46A9E62363CE7C3ABCBB8F7B /* Pods_Tabigram.framework */ = {isa = PBXFileReference; explicitFileType = wrapper.framework; includeInIndex = 0; path = Pods_Tabigram.framework; sourceTree = BUILT_PRODUCTS_DIR; };
		4AE50ABE6965CC4DFEAA4C68 /* Pods-Tabigram.debug.xcconfig */ = {isa = PBXFileReference; includeInIndex = 1; lastKnownFileType = text.xcconfig; name = "Pods-Tabigram.debug.xcconfig"; path = "Target Support Files/Pods-Tabigram/Pods-Tabigram.debug.xcconfig"; sourceTree = "<group>"; };
		B1F169B3FDB53AA3FAB8BBFF /* Pods-Tabigram.release.xcconfig */ = {isa = PBXFileReference; includeInIndex = 1; lastKnownFileType = text.xcconfig; name = "Pods-Tabigram.release.xcconfig"; path = "Target Support Files/Pods-Tabigram/Pods-Tabigram.release.xcconfig"; sourceTree = "<group>"; };
		EF3F08A625CCDAA300FDF566 /* back@2x.png */ = {isa = PBXFileReference; lastKnownFileType = image.png; path = "back@2x.png"; sourceTree = "<group>"; };
		EF3F08D125CD425400FDF566 /* FollowViewController.swift */ = {isa = PBXFileReference; lastKnownFileType = sourcecode.swift; path = FollowViewController.swift; sourceTree = "<group>"; };
		EF3F08D425CD433800FDF566 /* FollowCustomTableViewCell.swift */ = {isa = PBXFileReference; lastKnownFileType = sourcecode.swift; path = FollowCustomTableViewCell.swift; sourceTree = "<group>"; };
		EF3F08D525CD433800FDF566 /* FollowCustomTableViewCell.xib */ = {isa = PBXFileReference; lastKnownFileType = file.xib; path = FollowCustomTableViewCell.xib; sourceTree = "<group>"; };
		EF80757525CBBFCA00BDA7E9 /* Tabigram.app */ = {isa = PBXFileReference; explicitFileType = wrapper.application; includeInIndex = 0; path = Tabigram.app; sourceTree = BUILT_PRODUCTS_DIR; };
		EF80757825CBBFCA00BDA7E9 /* AppDelegate.swift */ = {isa = PBXFileReference; lastKnownFileType = sourcecode.swift; path = AppDelegate.swift; sourceTree = "<group>"; };
		EF80757C25CBBFCA00BDA7E9 /* ViewController.swift */ = {isa = PBXFileReference; lastKnownFileType = sourcecode.swift; path = ViewController.swift; sourceTree = "<group>"; };
		EF80757F25CBBFCA00BDA7E9 /* Base */ = {isa = PBXFileReference; lastKnownFileType = file.storyboard; name = Base; path = Base.lproj/Main.storyboard; sourceTree = "<group>"; };
		EF80758125CBBFCD00BDA7E9 /* Assets.xcassets */ = {isa = PBXFileReference; lastKnownFileType = folder.assetcatalog; path = Assets.xcassets; sourceTree = "<group>"; };
		EF80758425CBBFCD00BDA7E9 /* Base */ = {isa = PBXFileReference; lastKnownFileType = file.storyboard; name = Base; path = Base.lproj/LaunchScreen.storyboard; sourceTree = "<group>"; };
		EF80758625CBBFCD00BDA7E9 /* Info.plist */ = {isa = PBXFileReference; lastKnownFileType = text.plist.xml; path = Info.plist; sourceTree = "<group>"; };
		EF80758F25CBC06B00BDA7E9 /* search@2x.png */ = {isa = PBXFileReference; lastKnownFileType = image.png; path = "search@2x.png"; sourceTree = "<group>"; };
		EF80759025CBC06B00BDA7E9 /* editProfileImage@2x.png */ = {isa = PBXFileReference; lastKnownFileType = image.png; path = "editProfileImage@2x.png"; sourceTree = "<group>"; };
		EF80759125CBC06B00BDA7E9 /* profile@2x.png */ = {isa = PBXFileReference; lastKnownFileType = image.png; path = "profile@2x.png"; sourceTree = "<group>"; };
		EF80759325CBC06B00BDA7E9 /* tabigram001.jpeg */ = {isa = PBXFileReference; lastKnownFileType = image.jpeg; path = tabigram001.jpeg; sourceTree = "<group>"; };
		EF80759425CBC06B00BDA7E9 /* save@2x.png */ = {isa = PBXFileReference; lastKnownFileType = image.png; path = "save@2x.png"; sourceTree = "<group>"; };
		EF80759525CBC06B00BDA7E9 /* profile_placeholder.jpeg */ = {isa = PBXFileReference; lastKnownFileType = image.jpeg; path = profile_placeholder.jpeg; sourceTree = "<group>"; };
		EF80759825CBC06B00BDA7E9 /* sarial.ttf */ = {isa = PBXFileReference; lastKnownFileType = file; path = sarial.ttf; sourceTree = "<group>"; };
		EF80759925CBC06B00BDA7E9 /* Billabong.ttf */ = {isa = PBXFileReference; lastKnownFileType = file; path = Billabong.ttf; sourceTree = "<group>"; };
		EF80759A25CBC06B00BDA7E9 /* Atletico-RegularDemo.otf */ = {isa = PBXFileReference; lastKnownFileType = file; path = "Atletico-RegularDemo.otf"; sourceTree = "<group>"; };
		EF80759C25CBC06B00BDA7E9 /* iTunesArtwork@1x.png */ = {isa = PBXFileReference; lastKnownFileType = image.png; path = "iTunesArtwork@1x.png"; sourceTree = "<group>"; };
		EF80759E25CBC06B00BDA7E9 /* Icon-App-76x76@2x.png */ = {isa = PBXFileReference; lastKnownFileType = image.png; path = "Icon-App-76x76@2x.png"; sourceTree = "<group>"; };
		EF80759F25CBC06B00BDA7E9 /* Icon-App-29x29@1x.png */ = {isa = PBXFileReference; lastKnownFileType = image.png; path = "Icon-App-29x29@1x.png"; sourceTree = "<group>"; };
		EF8075A025CBC06B00BDA7E9 /* Icon-App-40x40@1x.png */ = {isa = PBXFileReference; lastKnownFileType = image.png; path = "Icon-App-40x40@1x.png"; sourceTree = "<group>"; };
		EF8075A125CBC06B00BDA7E9 /* Icon-App-20x20@1x.png */ = {isa = PBXFileReference; lastKnownFileType = image.png; path = "Icon-App-20x20@1x.png"; sourceTree = "<group>"; };
		EF8075A225CBC06B00BDA7E9 /* Icon-App-83.5x83.5@2x.png */ = {isa = PBXFileReference; lastKnownFileType = image.png; path = "Icon-App-83.5x83.5@2x.png"; sourceTree = "<group>"; };
		EF8075A325CBC06B00BDA7E9 /* Icon-App-20x20@3x.png */ = {isa = PBXFileReference; lastKnownFileType = image.png; path = "Icon-App-20x20@3x.png"; sourceTree = "<group>"; };
		EF8075A425CBC06B00BDA7E9 /* ItunesArtwork@2x.png */ = {isa = PBXFileReference; lastKnownFileType = image.png; path = "ItunesArtwork@2x.png"; sourceTree = "<group>"; };
		EF8075A625CBC06B00BDA7E9 /* Icon-App-20x20@2x.png */ = {isa = PBXFileReference; lastKnownFileType = image.png; path = "Icon-App-20x20@2x.png"; sourceTree = "<group>"; };
		EF8075A725CBC06B00BDA7E9 /* Icon-App-29x29@3x.png */ = {isa = PBXFileReference; lastKnownFileType = image.png; path = "Icon-App-29x29@3x.png"; sourceTree = "<group>"; };
		EF8075A825CBC06B00BDA7E9 /* Icon-App-40x40@2x.png */ = {isa = PBXFileReference; lastKnownFileType = image.png; path = "Icon-App-40x40@2x.png"; sourceTree = "<group>"; };
		EF8075A925CBC06B00BDA7E9 /* Icon-App-60x60@3x.png */ = {isa = PBXFileReference; lastKnownFileType = image.png; path = "Icon-App-60x60@3x.png"; sourceTree = "<group>"; };
		EF8075AA25CBC06B00BDA7E9 /* Icon-App-60x60@2x.png */ = {isa = PBXFileReference; lastKnownFileType = image.png; path = "Icon-App-60x60@2x.png"; sourceTree = "<group>"; };
		EF8075AB25CBC06B00BDA7E9 /* Icon-App-76x76@1x.png */ = {isa = PBXFileReference; lastKnownFileType = image.png; path = "Icon-App-76x76@1x.png"; sourceTree = "<group>"; };
		EF8075AC25CBC06B00BDA7E9 /* Icon-App-40x40@3x.png */ = {isa = PBXFileReference; lastKnownFileType = image.png; path = "Icon-App-40x40@3x.png"; sourceTree = "<group>"; };
		EF8075AD25CBC06B00BDA7E9 /* Icon-App-29x29@2x.png */ = {isa = PBXFileReference; lastKnownFileType = image.png; path = "Icon-App-29x29@2x.png"; sourceTree = "<group>"; };
		EF8075AE25CBC06B00BDA7E9 /* iTunesArtwork@2x.jpg */ = {isa = PBXFileReference; lastKnownFileType = image.jpeg; path = "iTunesArtwork@2x.jpg"; sourceTree = "<group>"; };
		EF8075AF25CBC06B00BDA7E9 /* iTunesArtwork@3x.png */ = {isa = PBXFileReference; lastKnownFileType = image.png; path = "iTunesArtwork@3x.png"; sourceTree = "<group>"; };
		EF8075B025CBC06B00BDA7E9 /* worldMap.jpg */ = {isa = PBXFileReference; lastKnownFileType = image.jpeg; path = worldMap.jpg; sourceTree = "<group>"; };
		EF8075D725CBC0C000BDA7E9 /* SignInViewController.swift */ = {isa = PBXFileReference; lastKnownFileType = sourcecode.swift; path = SignInViewController.swift; sourceTree = "<group>"; };
		EF8075DA25CBC10700BDA7E9 /* SignUpViewController.swift */ = {isa = PBXFileReference; lastKnownFileType = sourcecode.swift; path = SignUpViewController.swift; sourceTree = "<group>"; };
		EF8075DD25CBC1A100BDA7E9 /* certificateViewController1.swift */ = {isa = PBXFileReference; lastKnownFileType = sourcecode.swift; path = certificateViewController1.swift; sourceTree = "<group>"; };
		EF8075E025CBC1C900BDA7E9 /* certificateViewController2.swift */ = {isa = PBXFileReference; lastKnownFileType = sourcecode.swift; path = certificateViewController2.swift; sourceTree = "<group>"; };
		EF8075E325CBC22500BDA7E9 /* SignIn.storyboard */ = {isa = PBXFileReference; lastKnownFileType = file.storyboard; path = SignIn.storyboard; sourceTree = "<group>"; };
		EF8075E925CBC27900BDA7E9 /* PlaceHolderTextView.swift */ = {isa = PBXFileReference; lastKnownFileType = sourcecode.swift; path = PlaceHolderTextView.swift; sourceTree = "<group>"; };
		EF8075ED25CBC2AC00BDA7E9 /* CustomButton.swift */ = {isa = PBXFileReference; lastKnownFileType = sourcecode.swift; path = CustomButton.swift; sourceTree = "<group>"; };
		EF8075F025CBC2CE00BDA7E9 /* UIColor+Extention.swift */ = {isa = PBXFileReference; lastKnownFileType = sourcecode.swift; path = "UIColor+Extention.swift"; sourceTree = "<group>"; };
		EF8075F325CBC30700BDA7E9 /* Pin.swift */ = {isa = PBXFileReference; lastKnownFileType = sourcecode.swift; path = Pin.swift; sourceTree = "<group>"; };
		EF8075F625CBC31F00BDA7E9 /* User.swift */ = {isa = PBXFileReference; lastKnownFileType = sourcecode.swift; path = User.swift; sourceTree = "<group>"; };
		EF8075F925CBC35A00BDA7E9 /* FrontViewController.swift */ = {isa = PBXFileReference; lastKnownFileType = sourcecode.swift; path = FrontViewController.swift; sourceTree = "<group>"; };
		EF8075FC25CBC3A800BDA7E9 /* ProfileViewController.swift */ = {isa = PBXFileReference; lastKnownFileType = sourcecode.swift; path = ProfileViewController.swift; sourceTree = "<group>"; };
		EF80760025CBC3C600BDA7E9 /* EditProfileViewController.swift */ = {isa = PBXFileReference; lastKnownFileType = sourcecode.swift; path = EditProfileViewController.swift; sourceTree = "<group>"; };
		EF80762625CBCD9C00BDA7E9 /* GoogleService-Info.plist */ = {isa = PBXFileReference; fileEncoding = 4; lastKnownFileType = text.plist.xml; path = "GoogleService-Info.plist"; sourceTree = "<group>"; };
		EFB26D2325CD885B00607DD0 /* marker_icon_mikan.png */ = {isa = PBXFileReference; lastKnownFileType = image.png; path = marker_icon_mikan.png; sourceTree = "<group>"; };
/* End PBXFileReference section */

/* Begin PBXFrameworksBuildPhase section */
		EF80757225CBBFCA00BDA7E9 /* Frameworks */ = {
			isa = PBXFrameworksBuildPhase;
			buildActionMask = 2147483647;
			files = (
				3A145F9E90334677229121B3 /* Pods_Tabigram.framework in Frameworks */,
			);
			runOnlyForDeploymentPostprocessing = 0;
		};
/* End PBXFrameworksBuildPhase section */

/* Begin PBXGroup section */
		85A997A97F44BCE8EF623EDB /* Pods */ = {
			isa = PBXGroup;
			children = (
				4AE50ABE6965CC4DFEAA4C68 /* Pods-Tabigram.debug.xcconfig */,
				B1F169B3FDB53AA3FAB8BBFF /* Pods-Tabigram.release.xcconfig */,
			);
			path = Pods;
			sourceTree = "<group>";
		};
		B74B7A0681E29830911028F2 /* Frameworks */ = {
			isa = PBXGroup;
			children = (
				46A9E62363CE7C3ABCBB8F7B /* Pods_Tabigram.framework */,
			);
			name = Frameworks;
			sourceTree = "<group>";
		};
		EF80756C25CBBFCA00BDA7E9 = {
			isa = PBXGroup;
			children = (
				EF80757725CBBFCA00BDA7E9 /* Tabigram */,
				EF80757625CBBFCA00BDA7E9 /* Products */,
				85A997A97F44BCE8EF623EDB /* Pods */,
				B74B7A0681E29830911028F2 /* Frameworks */,
			);
			sourceTree = "<group>";
		};
		EF80757625CBBFCA00BDA7E9 /* Products */ = {
			isa = PBXGroup;
			children = (
				EF80757525CBBFCA00BDA7E9 /* Tabigram.app */,
			);
			name = Products;
			sourceTree = "<group>";
		};
		EF80757725CBBFCA00BDA7E9 /* Tabigram */ = {
			isa = PBXGroup;
			children = (
				EF80757825CBBFCA00BDA7E9 /* AppDelegate.swift */,
				EF8075D125CBC09300BDA7E9 /* SignIn */,
				EF8075D025CBC07700BDA7E9 /* Main */,
				EF80758E25CBC06B00BDA7E9 /* Resources */,
				EF80757E25CBBFCA00BDA7E9 /* Main.storyboard */,
				EF80758325CBBFCD00BDA7E9 /* LaunchScreen.storyboard */,
				EF80758125CBBFCD00BDA7E9 /* Assets.xcassets */,
				EF80762625CBCD9C00BDA7E9 /* GoogleService-Info.plist */,
				EF80758625CBBFCD00BDA7E9 /* Info.plist */,
			);
			path = Tabigram;
			sourceTree = "<group>";
		};
		EF80758E25CBC06B00BDA7E9 /* Resources */ = {
			isa = PBXGroup;
			children = (
				EFB26D2325CD885B00607DD0 /* marker_icon_mikan.png */,
				EF3F08A625CCDAA300FDF566 /* back@2x.png */,
				EF80759225CBC06B00BDA7E9 /* Images */,
				EF80759625CBC06B00BDA7E9 /* Font */,
				EF80759B25CBC06B00BDA7E9 /* Icon */,
			);
			path = Resources;
			sourceTree = "<group>";
		};
		EF80759225CBC06B00BDA7E9 /* Images */ = {
			isa = PBXGroup;
			children = (
				EF80759525CBC06B00BDA7E9 /* profile_placeholder.jpeg */,
				EF8075B025CBC06B00BDA7E9 /* worldMap.jpg */,
				EF80759425CBC06B00BDA7E9 /* save@2x.png */,
				EF80759125CBC06B00BDA7E9 /* profile@2x.png */,
				EF80759025CBC06B00BDA7E9 /* editProfileImage@2x.png */,
				EF80758F25CBC06B00BDA7E9 /* search@2x.png */,
				EF80759325CBC06B00BDA7E9 /* tabigram001.jpeg */,
			);
			path = Images;
			sourceTree = "<group>";
		};
		EF80759625CBC06B00BDA7E9 /* Font */ = {
			isa = PBXGroup;
			children = (
				EF80759925CBC06B00BDA7E9 /* Billabong.ttf */,
				EF80759825CBC06B00BDA7E9 /* sarial.ttf */,
				EF80759A25CBC06B00BDA7E9 /* Atletico-RegularDemo.otf */,
			);
			path = Font;
			sourceTree = "<group>";
		};
		EF80759B25CBC06B00BDA7E9 /* Icon */ = {
			isa = PBXGroup;
			children = (
				EF80759D25CBC06B00BDA7E9 /* AppIcon.appiconset */,
				EF80759C25CBC06B00BDA7E9 /* iTunesArtwork@1x.png */,
				EF8075AE25CBC06B00BDA7E9 /* iTunesArtwork@2x.jpg */,
				EF8075AF25CBC06B00BDA7E9 /* iTunesArtwork@3x.png */,
			);
			path = Icon;
			sourceTree = "<group>";
		};
		EF80759D25CBC06B00BDA7E9 /* AppIcon.appiconset */ = {
			isa = PBXGroup;
			children = (
				EF80759E25CBC06B00BDA7E9 /* Icon-App-76x76@2x.png */,
				EF80759F25CBC06B00BDA7E9 /* Icon-App-29x29@1x.png */,
				EF8075A025CBC06B00BDA7E9 /* Icon-App-40x40@1x.png */,
				EF8075A125CBC06B00BDA7E9 /* Icon-App-20x20@1x.png */,
				EF8075A225CBC06B00BDA7E9 /* Icon-App-83.5x83.5@2x.png */,
				EF8075A325CBC06B00BDA7E9 /* Icon-App-20x20@3x.png */,
				EF8075A425CBC06B00BDA7E9 /* ItunesArtwork@2x.png */,
				EF8075A625CBC06B00BDA7E9 /* Icon-App-20x20@2x.png */,
				EF8075A725CBC06B00BDA7E9 /* Icon-App-29x29@3x.png */,
				EF8075A825CBC06B00BDA7E9 /* Icon-App-40x40@2x.png */,
				EF8075A925CBC06B00BDA7E9 /* Icon-App-60x60@3x.png */,
				EF8075AA25CBC06B00BDA7E9 /* Icon-App-60x60@2x.png */,
				EF8075AB25CBC06B00BDA7E9 /* Icon-App-76x76@1x.png */,
				EF8075AC25CBC06B00BDA7E9 /* Icon-App-40x40@3x.png */,
				EF8075AD25CBC06B00BDA7E9 /* Icon-App-29x29@2x.png */,
			);
			path = AppIcon.appiconset;
			sourceTree = "<group>";
		};
		EF8075D025CBC07700BDA7E9 /* Main */ = {
			isa = PBXGroup;
			children = (
				EF8075E625CBC24900BDA7E9 /* Models */,
				EF8075E725CBC24E00BDA7E9 /* Views */,
				EF8075E825CBC25400BDA7E9 /* Controllers */,
			);
			path = Main;
			sourceTree = "<group>";
		};
		EF8075D125CBC09300BDA7E9 /* SignIn */ = {
			isa = PBXGroup;
			children = (
				EF8075E325CBC22500BDA7E9 /* SignIn.storyboard */,
				EF8075D725CBC0C000BDA7E9 /* SignInViewController.swift */,
				EF8075DA25CBC10700BDA7E9 /* SignUpViewController.swift */,
				EF8075DD25CBC1A100BDA7E9 /* certificateViewController1.swift */,
				EF8075E025CBC1C900BDA7E9 /* certificateViewController2.swift */,
			);
			path = SignIn;
			sourceTree = "<group>";
		};
		EF8075E625CBC24900BDA7E9 /* Models */ = {
			isa = PBXGroup;
			children = (
				EF8075E925CBC27900BDA7E9 /* PlaceHolderTextView.swift */,
				EF8075ED25CBC2AC00BDA7E9 /* CustomButton.swift */,
				EF8075F025CBC2CE00BDA7E9 /* UIColor+Extention.swift */,
				EF8075F325CBC30700BDA7E9 /* Pin.swift */,
				EF8075F625CBC31F00BDA7E9 /* User.swift */,
				098D1D6225CF944500481156 /* UIViewController+Extension.swift */,
				098D1D6625CFE50600481156 /* UIImage+Extension.swift */,
			);
			path = Models;
			sourceTree = "<group>";
		};
		EF8075E725CBC24E00BDA7E9 /* Views */ = {
			isa = PBXGroup;
			children = (
				EF3F08D425CD433800FDF566 /* FollowCustomTableViewCell.swift */,
				EF3F08D525CD433800FDF566 /* FollowCustomTableViewCell.xib */,
			);
			path = Views;
			sourceTree = "<group>";
		};
		EF8075E825CBC25400BDA7E9 /* Controllers */ = {
			isa = PBXGroup;
			children = (
				EF8075F925CBC35A00BDA7E9 /* FrontViewController.swift */,
				EF80757C25CBBFCA00BDA7E9 /* ViewController.swift */,
				EF8075FC25CBC3A800BDA7E9 /* ProfileViewController.swift */,
				EF80760025CBC3C600BDA7E9 /* EditProfileViewController.swift */,
				EF3F08D125CD425400FDF566 /* FollowViewController.swift */,
			);
			path = Controllers;
			sourceTree = "<group>";
		};
/* End PBXGroup section */

/* Begin PBXNativeTarget section */
		EF80757425CBBFCA00BDA7E9 /* Tabigram */ = {
			isa = PBXNativeTarget;
			buildConfigurationList = EF80758925CBBFCD00BDA7E9 /* Build configuration list for PBXNativeTarget "Tabigram" */;
			buildPhases = (
				60ADC7E64AF611D0EE8A090D /* [CP] Check Pods Manifest.lock */,
				EF80757125CBBFCA00BDA7E9 /* Sources */,
				EF80757225CBBFCA00BDA7E9 /* Frameworks */,
				EF80757325CBBFCA00BDA7E9 /* Resources */,
				C1A2ADBC22D9B87B52EEFE30 /* [CP] Embed Pods Frameworks */,
				22311F9487E4E4F77AF9541A /* [CP] Copy Pods Resources */,
			);
			buildRules = (
			);
			dependencies = (
			);
			name = Tabigram;
			productName = Tabigram;
			productReference = EF80757525CBBFCA00BDA7E9 /* Tabigram.app */;
			productType = "com.apple.product-type.application";
		};
/* End PBXNativeTarget section */

/* Begin PBXProject section */
		EF80756D25CBBFCA00BDA7E9 /* Project object */ = {
			isa = PBXProject;
			attributes = {
				LastSwiftUpdateCheck = 1240;
				LastUpgradeCheck = 1240;
				TargetAttributes = {
					EF80757425CBBFCA00BDA7E9 = {
						CreatedOnToolsVersion = 12.4;
					};
				};
			};
			buildConfigurationList = EF80757025CBBFCA00BDA7E9 /* Build configuration list for PBXProject "Tabigram" */;
			compatibilityVersion = "Xcode 9.3";
			developmentRegion = en;
			hasScannedForEncodings = 0;
			knownRegions = (
				en,
				Base,
			);
			mainGroup = EF80756C25CBBFCA00BDA7E9;
			productRefGroup = EF80757625CBBFCA00BDA7E9 /* Products */;
			projectDirPath = "";
			projectRoot = "";
			targets = (
				EF80757425CBBFCA00BDA7E9 /* Tabigram */,
			);
		};
/* End PBXProject section */

/* Begin PBXResourcesBuildPhase section */
		EF80757325CBBFCA00BDA7E9 /* Resources */ = {
			isa = PBXResourcesBuildPhase;
			buildActionMask = 2147483647;
			files = (
				EF8075B125CBC06B00BDA7E9 /* search@2x.png in Resources */,
				EF80758525CBBFCD00BDA7E9 /* LaunchScreen.storyboard in Resources */,
				EF8075BC25CBC06B00BDA7E9 /* Icon-App-76x76@2x.png in Resources */,
				EF3F08A725CCDAA300FDF566 /* back@2x.png in Resources */,
				EF8075C125CBC06B00BDA7E9 /* Icon-App-20x20@3x.png in Resources */,
				EFB26D2425CD885B00607DD0 /* marker_icon_mikan.png in Resources */,
				EF8075E425CBC22500BDA7E9 /* SignIn.storyboard in Resources */,
				EF8075BD25CBC06B00BDA7E9 /* Icon-App-29x29@1x.png in Resources */,
				EF8075CA25CBC06B00BDA7E9 /* Icon-App-40x40@3x.png in Resources */,
				EF8075C625CBC06B00BDA7E9 /* Icon-App-40x40@2x.png in Resources */,
				EF8075C525CBC06B00BDA7E9 /* Icon-App-29x29@3x.png in Resources */,
				EF8075C225CBC06B00BDA7E9 /* ItunesArtwork@2x.png in Resources */,
				EF8075CC25CBC06B00BDA7E9 /* iTunesArtwork@2x.jpg in Resources */,
				EF8075C025CBC06B00BDA7E9 /* Icon-App-83.5x83.5@2x.png in Resources */,
				EF8075BF25CBC06B00BDA7E9 /* Icon-App-20x20@1x.png in Resources */,
				EF8075BE25CBC06B00BDA7E9 /* Icon-App-40x40@1x.png in Resources */,
				EF8075B925CBC06B00BDA7E9 /* Billabong.ttf in Resources */,
				EF8075CE25CBC06B00BDA7E9 /* worldMap.jpg in Resources */,
				EF8075B325CBC06B00BDA7E9 /* profile@2x.png in Resources */,
				EF8075BA25CBC06B00BDA7E9 /* Atletico-RegularDemo.otf in Resources */,
				EF80758225CBBFCD00BDA7E9 /* Assets.xcassets in Resources */,
				EF80758025CBBFCA00BDA7E9 /* Main.storyboard in Resources */,
				EF8075CD25CBC06B00BDA7E9 /* iTunesArtwork@3x.png in Resources */,
				EF8075C825CBC06B00BDA7E9 /* Icon-App-60x60@2x.png in Resources */,
				EF8075CB25CBC06B00BDA7E9 /* Icon-App-29x29@2x.png in Resources */,
				EF8075B425CBC06B00BDA7E9 /* tabigram001.jpeg in Resources */,
				EF8075C725CBC06B00BDA7E9 /* Icon-App-60x60@3x.png in Resources */,
				EF80762725CBCD9C00BDA7E9 /* GoogleService-Info.plist in Resources */,
				EF8075C425CBC06B00BDA7E9 /* Icon-App-20x20@2x.png in Resources */,
				EF8075B625CBC06B00BDA7E9 /* profile_placeholder.jpeg in Resources */,
				EF3F08D725CD433800FDF566 /* FollowCustomTableViewCell.xib in Resources */,
				EF8075C925CBC06B00BDA7E9 /* Icon-App-76x76@1x.png in Resources */,
				EF8075BB25CBC06B00BDA7E9 /* iTunesArtwork@1x.png in Resources */,
				EF8075B225CBC06B00BDA7E9 /* editProfileImage@2x.png in Resources */,
				EF8075B525CBC06B00BDA7E9 /* save@2x.png in Resources */,
				EF8075B825CBC06B00BDA7E9 /* sarial.ttf in Resources */,
			);
			runOnlyForDeploymentPostprocessing = 0;
		};
/* End PBXResourcesBuildPhase section */

/* Begin PBXShellScriptBuildPhase section */
		22311F9487E4E4F77AF9541A /* [CP] Copy Pods Resources */ = {
			isa = PBXShellScriptBuildPhase;
			buildActionMask = 2147483647;
			files = (
			);
			inputFileListPaths = (
				"${PODS_ROOT}/Target Support Files/Pods-Tabigram/Pods-Tabigram-resources-${CONFIGURATION}-input-files.xcfilelist",
			);
			name = "[CP] Copy Pods Resources";
			outputFileListPaths = (
				"${PODS_ROOT}/Target Support Files/Pods-Tabigram/Pods-Tabigram-resources-${CONFIGURATION}-output-files.xcfilelist",
			);
			runOnlyForDeploymentPostprocessing = 0;
			shellPath = /bin/sh;
			shellScript = "\"${PODS_ROOT}/Target Support Files/Pods-Tabigram/Pods-Tabigram-resources.sh\"\n";
			showEnvVarsInLog = 0;
		};
		60ADC7E64AF611D0EE8A090D /* [CP] Check Pods Manifest.lock */ = {
			isa = PBXShellScriptBuildPhase;
			buildActionMask = 2147483647;
			files = (
			);
			inputFileListPaths = (
			);
			inputPaths = (
				"${PODS_PODFILE_DIR_PATH}/Podfile.lock",
				"${PODS_ROOT}/Manifest.lock",
			);
			name = "[CP] Check Pods Manifest.lock";
			outputFileListPaths = (
			);
			outputPaths = (
				"$(DERIVED_FILE_DIR)/Pods-Tabigram-checkManifestLockResult.txt",
			);
			runOnlyForDeploymentPostprocessing = 0;
			shellPath = /bin/sh;
			shellScript = "diff \"${PODS_PODFILE_DIR_PATH}/Podfile.lock\" \"${PODS_ROOT}/Manifest.lock\" > /dev/null\nif [ $? != 0 ] ; then\n    # print error to STDERR\n    echo \"error: The sandbox is not in sync with the Podfile.lock. Run 'pod install' or update your CocoaPods installation.\" >&2\n    exit 1\nfi\n# This output is used by Xcode 'outputs' to avoid re-running this script phase.\necho \"SUCCESS\" > \"${SCRIPT_OUTPUT_FILE_0}\"\n";
			showEnvVarsInLog = 0;
		};
		C1A2ADBC22D9B87B52EEFE30 /* [CP] Embed Pods Frameworks */ = {
			isa = PBXShellScriptBuildPhase;
			buildActionMask = 2147483647;
			files = (
			);
			inputFileListPaths = (
				"${PODS_ROOT}/Target Support Files/Pods-Tabigram/Pods-Tabigram-frameworks-${CONFIGURATION}-input-files.xcfilelist",
			);
			name = "[CP] Embed Pods Frameworks";
			outputFileListPaths = (
				"${PODS_ROOT}/Target Support Files/Pods-Tabigram/Pods-Tabigram-frameworks-${CONFIGURATION}-output-files.xcfilelist",
			);
			runOnlyForDeploymentPostprocessing = 0;
			shellPath = /bin/sh;
			shellScript = "\"${PODS_ROOT}/Target Support Files/Pods-Tabigram/Pods-Tabigram-frameworks.sh\"\n";
			showEnvVarsInLog = 0;
		};
/* End PBXShellScriptBuildPhase section */

/* Begin PBXSourcesBuildPhase section */
		EF80757125CBBFCA00BDA7E9 /* Sources */ = {
			isa = PBXSourcesBuildPhase;
			buildActionMask = 2147483647;
			files = (
				EF8075FA25CBC35A00BDA7E9 /* FrontViewController.swift in Sources */,
				EF80757D25CBBFCA00BDA7E9 /* ViewController.swift in Sources */,
				EF8075DE25CBC1A100BDA7E9 /* certificateViewController1.swift in Sources */,
				098D1D6725CFE50600481156 /* UIImage+Extension.swift in Sources */,
				EF8075E125CBC1C900BDA7E9 /* certificateViewController2.swift in Sources */,
				098D1D6325CF944500481156 /* UIViewController+Extension.swift in Sources */,
				EF8075F125CBC2CE00BDA7E9 /* UIColor+Extention.swift in Sources */,
				EF80757925CBBFCA00BDA7E9 /* AppDelegate.swift in Sources */,
				EF80760125CBC3C600BDA7E9 /* EditProfileViewController.swift in Sources */,
				EF8075F425CBC30700BDA7E9 /* Pin.swift in Sources */,
				EF8075EE25CBC2AC00BDA7E9 /* CustomButton.swift in Sources */,
				EF8075EA25CBC27900BDA7E9 /* PlaceHolderTextView.swift in Sources */,
				EF8075DB25CBC10700BDA7E9 /* SignUpViewController.swift in Sources */,
				EF3F08D625CD433800FDF566 /* FollowCustomTableViewCell.swift in Sources */,
				EF8075FD25CBC3A800BDA7E9 /* ProfileViewController.swift in Sources */,
				EF3F08D225CD425400FDF566 /* FollowViewController.swift in Sources */,
				EF8075D825CBC0C000BDA7E9 /* SignInViewController.swift in Sources */,
				EF8075F725CBC31F00BDA7E9 /* User.swift in Sources */,
			);
			runOnlyForDeploymentPostprocessing = 0;
		};
/* End PBXSourcesBuildPhase section */

/* Begin PBXVariantGroup section */
		EF80757E25CBBFCA00BDA7E9 /* Main.storyboard */ = {
			isa = PBXVariantGroup;
			children = (
				EF80757F25CBBFCA00BDA7E9 /* Base */,
			);
			name = Main.storyboard;
			sourceTree = "<group>";
		};
		EF80758325CBBFCD00BDA7E9 /* LaunchScreen.storyboard */ = {
			isa = PBXVariantGroup;
			children = (
				EF80758425CBBFCD00BDA7E9 /* Base */,
			);
			name = LaunchScreen.storyboard;
			sourceTree = "<group>";
		};
/* End PBXVariantGroup section */

/* Begin XCBuildConfiguration section */
		EF80758725CBBFCD00BDA7E9 /* Debug */ = {
			isa = XCBuildConfiguration;
			buildSettings = {
				ALWAYS_SEARCH_USER_PATHS = NO;
				CLANG_ANALYZER_NONNULL = YES;
				CLANG_ANALYZER_NUMBER_OBJECT_CONVERSION = YES_AGGRESSIVE;
				CLANG_CXX_LANGUAGE_STANDARD = "gnu++14";
				CLANG_CXX_LIBRARY = "libc++";
				CLANG_ENABLE_MODULES = YES;
				CLANG_ENABLE_OBJC_ARC = YES;
				CLANG_ENABLE_OBJC_WEAK = YES;
				CLANG_WARN_BLOCK_CAPTURE_AUTORELEASING = YES;
				CLANG_WARN_BOOL_CONVERSION = YES;
				CLANG_WARN_COMMA = YES;
				CLANG_WARN_CONSTANT_CONVERSION = YES;
				CLANG_WARN_DEPRECATED_OBJC_IMPLEMENTATIONS = YES;
				CLANG_WARN_DIRECT_OBJC_ISA_USAGE = YES_ERROR;
				CLANG_WARN_DOCUMENTATION_COMMENTS = YES;
				CLANG_WARN_EMPTY_BODY = YES;
				CLANG_WARN_ENUM_CONVERSION = YES;
				CLANG_WARN_INFINITE_RECURSION = YES;
				CLANG_WARN_INT_CONVERSION = YES;
				CLANG_WARN_NON_LITERAL_NULL_CONVERSION = YES;
				CLANG_WARN_OBJC_IMPLICIT_RETAIN_SELF = YES;
				CLANG_WARN_OBJC_LITERAL_CONVERSION = YES;
				CLANG_WARN_OBJC_ROOT_CLASS = YES_ERROR;
				CLANG_WARN_QUOTED_INCLUDE_IN_FRAMEWORK_HEADER = YES;
				CLANG_WARN_RANGE_LOOP_ANALYSIS = YES;
				CLANG_WARN_STRICT_PROTOTYPES = YES;
				CLANG_WARN_SUSPICIOUS_MOVE = YES;
				CLANG_WARN_UNGUARDED_AVAILABILITY = YES_AGGRESSIVE;
				CLANG_WARN_UNREACHABLE_CODE = YES;
				CLANG_WARN__DUPLICATE_METHOD_MATCH = YES;
				COPY_PHASE_STRIP = NO;
				DEBUG_INFORMATION_FORMAT = dwarf;
				ENABLE_STRICT_OBJC_MSGSEND = YES;
				ENABLE_TESTABILITY = YES;
				GCC_C_LANGUAGE_STANDARD = gnu11;
				GCC_DYNAMIC_NO_PIC = NO;
				GCC_NO_COMMON_BLOCKS = YES;
				GCC_OPTIMIZATION_LEVEL = 0;
				GCC_PREPROCESSOR_DEFINITIONS = (
					"DEBUG=1",
					"$(inherited)",
				);
				GCC_WARN_64_TO_32_BIT_CONVERSION = YES;
				GCC_WARN_ABOUT_RETURN_TYPE = YES_ERROR;
				GCC_WARN_UNDECLARED_SELECTOR = YES;
				GCC_WARN_UNINITIALIZED_AUTOS = YES_AGGRESSIVE;
				GCC_WARN_UNUSED_FUNCTION = YES;
				GCC_WARN_UNUSED_VARIABLE = YES;
				IPHONEOS_DEPLOYMENT_TARGET = 14.4;
				MTL_ENABLE_DEBUG_INFO = INCLUDE_SOURCE;
				MTL_FAST_MATH = YES;
				ONLY_ACTIVE_ARCH = YES;
				SDKROOT = iphoneos;
				SWIFT_ACTIVE_COMPILATION_CONDITIONS = DEBUG;
				SWIFT_OPTIMIZATION_LEVEL = "-Onone";
			};
			name = Debug;
		};
		EF80758825CBBFCD00BDA7E9 /* Release */ = {
			isa = XCBuildConfiguration;
			buildSettings = {
				ALWAYS_SEARCH_USER_PATHS = NO;
				CLANG_ANALYZER_NONNULL = YES;
				CLANG_ANALYZER_NUMBER_OBJECT_CONVERSION = YES_AGGRESSIVE;
				CLANG_CXX_LANGUAGE_STANDARD = "gnu++14";
				CLANG_CXX_LIBRARY = "libc++";
				CLANG_ENABLE_MODULES = YES;
				CLANG_ENABLE_OBJC_ARC = YES;
				CLANG_ENABLE_OBJC_WEAK = YES;
				CLANG_WARN_BLOCK_CAPTURE_AUTORELEASING = YES;
				CLANG_WARN_BOOL_CONVERSION = YES;
				CLANG_WARN_COMMA = YES;
				CLANG_WARN_CONSTANT_CONVERSION = YES;
				CLANG_WARN_DEPRECATED_OBJC_IMPLEMENTATIONS = YES;
				CLANG_WARN_DIRECT_OBJC_ISA_USAGE = YES_ERROR;
				CLANG_WARN_DOCUMENTATION_COMMENTS = YES;
				CLANG_WARN_EMPTY_BODY = YES;
				CLANG_WARN_ENUM_CONVERSION = YES;
				CLANG_WARN_INFINITE_RECURSION = YES;
				CLANG_WARN_INT_CONVERSION = YES;
				CLANG_WARN_NON_LITERAL_NULL_CONVERSION = YES;
				CLANG_WARN_OBJC_IMPLICIT_RETAIN_SELF = YES;
				CLANG_WARN_OBJC_LITERAL_CONVERSION = YES;
				CLANG_WARN_OBJC_ROOT_CLASS = YES_ERROR;
				CLANG_WARN_QUOTED_INCLUDE_IN_FRAMEWORK_HEADER = YES;
				CLANG_WARN_RANGE_LOOP_ANALYSIS = YES;
				CLANG_WARN_STRICT_PROTOTYPES = YES;
				CLANG_WARN_SUSPICIOUS_MOVE = YES;
				CLANG_WARN_UNGUARDED_AVAILABILITY = YES_AGGRESSIVE;
				CLANG_WARN_UNREACHABLE_CODE = YES;
				CLANG_WARN__DUPLICATE_METHOD_MATCH = YES;
				COPY_PHASE_STRIP = NO;
				DEBUG_INFORMATION_FORMAT = "dwarf-with-dsym";
				ENABLE_NS_ASSERTIONS = NO;
				ENABLE_STRICT_OBJC_MSGSEND = YES;
				GCC_C_LANGUAGE_STANDARD = gnu11;
				GCC_NO_COMMON_BLOCKS = YES;
				GCC_WARN_64_TO_32_BIT_CONVERSION = YES;
				GCC_WARN_ABOUT_RETURN_TYPE = YES_ERROR;
				GCC_WARN_UNDECLARED_SELECTOR = YES;
				GCC_WARN_UNINITIALIZED_AUTOS = YES_AGGRESSIVE;
				GCC_WARN_UNUSED_FUNCTION = YES;
				GCC_WARN_UNUSED_VARIABLE = YES;
				IPHONEOS_DEPLOYMENT_TARGET = 14.4;
				MTL_ENABLE_DEBUG_INFO = NO;
				MTL_FAST_MATH = YES;
				SDKROOT = iphoneos;
				SWIFT_COMPILATION_MODE = wholemodule;
				SWIFT_OPTIMIZATION_LEVEL = "-O";
				VALIDATE_PRODUCT = YES;
			};
			name = Release;
		};
		EF80758A25CBBFCD00BDA7E9 /* Debug */ = {
			isa = XCBuildConfiguration;
			baseConfigurationReference = 4AE50ABE6965CC4DFEAA4C68 /* Pods-Tabigram.debug.xcconfig */;
			buildSettings = {
				ASSETCATALOG_COMPILER_APPICON_NAME = AppIcon;
				ASSETCATALOG_COMPILER_GLOBAL_ACCENT_COLOR_NAME = AccentColor;
				CODE_SIGN_STYLE = Automatic;
				DEVELOPMENT_TEAM = ZMM4WWA6BY;
				INFOPLIST_FILE = Tabigram/Info.plist;
				IPHONEOS_DEPLOYMENT_TARGET = 14.0;
				LD_RUNPATH_SEARCH_PATHS = (
					"$(inherited)",
					"@executable_path/Frameworks",
				);
				PRODUCT_BUNDLE_IDENTIFIER = com.YukiNagai.Tabigram;
				PRODUCT_NAME = "$(TARGET_NAME)";
				SWIFT_VERSION = 5.0;
				TARGETED_DEVICE_FAMILY = "1,2";
			};
			name = Debug;
		};
		EF80758B25CBBFCD00BDA7E9 /* Release */ = {
			isa = XCBuildConfiguration;
			baseConfigurationReference = B1F169B3FDB53AA3FAB8BBFF /* Pods-Tabigram.release.xcconfig */;
			buildSettings = {
				ASSETCATALOG_COMPILER_APPICON_NAME = AppIcon;
				ASSETCATALOG_COMPILER_GLOBAL_ACCENT_COLOR_NAME = AccentColor;
				CODE_SIGN_STYLE = Automatic;
				DEVELOPMENT_TEAM = ZMM4WWA6BY;
				INFOPLIST_FILE = Tabigram/Info.plist;
				IPHONEOS_DEPLOYMENT_TARGET = 14.0;
				LD_RUNPATH_SEARCH_PATHS = (
					"$(inherited)",
					"@executable_path/Frameworks",
				);
				PRODUCT_BUNDLE_IDENTIFIER = com.YukiNagai.Tabigram;
				PRODUCT_NAME = "$(TARGET_NAME)";
				SWIFT_VERSION = 5.0;
				TARGETED_DEVICE_FAMILY = "1,2";
			};
			name = Release;
		};
/* End XCBuildConfiguration section */

/* Begin XCConfigurationList section */
		EF80757025CBBFCA00BDA7E9 /* Build configuration list for PBXProject "Tabigram" */ = {
			isa = XCConfigurationList;
			buildConfigurations = (
				EF80758725CBBFCD00BDA7E9 /* Debug */,
				EF80758825CBBFCD00BDA7E9 /* Release */,
			);
			defaultConfigurationIsVisible = 0;
			defaultConfigurationName = Release;
		};
		EF80758925CBBFCD00BDA7E9 /* Build configuration list for PBXNativeTarget "Tabigram" */ = {
			isa = XCConfigurationList;
			buildConfigurations = (
				EF80758A25CBBFCD00BDA7E9 /* Debug */,
				EF80758B25CBBFCD00BDA7E9 /* Release */,
			);
			defaultConfigurationIsVisible = 0;
			defaultConfigurationName = Release;
		};
/* End XCConfigurationList section */
	};
	rootObject = EF80756D25CBBFCA00BDA7E9 /* Project object */;
}
